
Microsoft Visual Studio Solution File, Format Version 12.00
# Visual Studio Version 16
VisualStudioVersion = 16.0.31624.102
MinimumVisualStudioVersion = 10.0.40219.1
Project("{FAE04EC0-301F-11D3-BF4B-00C04F79EFBC}") = "TransportARG2.UWP", "TransportARG2.UWP\TransportARG2.UWP.csproj", "{521C59F6-C0C4-4FA5-987C-60103BAF1C7A}"
EndProject
Project("{FAE04EC0-301F-11D3-BF4B-00C04F79EFBC}") = "TransportARG2.Android", "TransportARG2.Android\TransportARG2.Android.csproj", "{A7BA7EC6-F683-40CF-9958-4EFF3D938F11}"
EndProject
Project("{FAE04EC0-301F-11D3-BF4B-00C04F79EFBC}") = "TransportARG2.iOS", "TransportARG2.iOS\TransportARG2.iOS.csproj", "{906A4698-37B7-4F3F-BB7C-59AE55B58DA1}"
EndProject
Project("{FAE04EC0-301F-11D3-BF4B-00C04F79EFBC}") = "TransportARG2", "TransportARG2\TransportARG2.csproj", "{456828F8-0FD7-482C-8F59-AE1DE2CD1226}"
EndProject
Global
	GlobalSection(SolutionConfigurationPlatforms) = preSolution
		Debug|Any CPU = Debug|Any CPU
		Debug|ARM = Debug|ARM
		Debug|iPhone = Debug|iPhone
		Debug|iPhoneSimulator = Debug|iPhoneSimulator
		Debug|x64 = Debug|x64
		Debug|x86 = Debug|x86
		Release|Any CPU = Release|Any CPU
		Release|ARM = Release|ARM
		Release|iPhone = Release|iPhone
		Release|iPhoneSimulator = Release|iPhoneSimulator
		Release|x64 = Release|x64
		Release|x86 = Release|x86
	EndGlobalSection
	GlobalSection(ProjectConfigurationPlatforms) = postSolution
		{521C59F6-C0C4-4FA5-987C-60103BAF1C7A}.Debug|Any CPU.ActiveCfg = Debug|x86
		{521C59F6-C0C4-4FA5-987C-60103BAF1C7A}.Debug|Any CPU.Build.0 = Debug|x86
		{521C59F6-C0C4-4FA5-987C-60103BAF1C7A}.Debug|Any CPU.Deploy.0 = Debug|x86
		{521C59F6-C0C4-4FA5-987C-60103BAF1C7A}.Debug|ARM.ActiveCfg = Debug|ARM
		{521C59F6-C0C4-4FA5-987C-60103BAF1C7A}.Debug|ARM.Build.0 = Debug|ARM
		{521C59F6-C0C4-4FA5-987C-60103BAF1C7A}.Debug|ARM.Deploy.0 = Debug|ARM
		{521C59F6-C0C4-4FA5-987C-60103BAF1C7A}.Debug|iPhone.ActiveCfg = Debug|x86
		{521C59F6-C0C4-4FA5-987C-60103BAF1C7A}.Debug|iPhone.Build.0 = Debug|x86
		{521C59F6-C0C4-4FA5-987C-60103BAF1C7A}.Debug|iPhone.Deploy.0 = Debug|x86
		{521C59F6-C0C4-4FA5-987C-60103BAF1C7A}.Debug|iPhoneSimulator.ActiveCfg = Debug|x86
		{521C59F6-C0C4-4FA5-987C-60103BAF1C7A}.Debug|iPhoneSimulator.Build.0 = Debug|x86
		{521C59F6-C0C4-4FA5-987C-60103BAF1C7A}.Debug|iPhoneSimulator.Deploy.0 = Debug|x86
		{521C59F6-C0C4-4FA5-987C-60103BAF1C7A}.Debug|x64.ActiveCfg = Debug|x64
		{521C59F6-C0C4-4FA5-987C-60103BAF1C7A}.Debug|x64.Build.0 = Debug|x64
		{521C59F6-C0C4-4FA5-987C-60103BAF1C7A}.Debug|x64.Deploy.0 = Debug|x64
		{521C59F6-C0C4-4FA5-987C-60103BAF1C7A}.Debug|x86.ActiveCfg = Debug|x86
		{521C59F6-C0C4-4FA5-987C-60103BAF1C7A}.Debug|x86.Build.0 = Debug|x86
		{521C59F6-C0C4-4FA5-987C-60103BAF1C7A}.Debug|x86.Deploy.0 = Debug|x86
		{521C59F6-C0C4-4FA5-987C-60103BAF1C7A}.Release|Any CPU.ActiveCfg = Release|x86
		{521C59F6-C0C4-4FA5-987C-60103BAF1C7A}.Release|Any CPU.Build.0 = Release|x86
		{521C59F6-C0C4-4FA5-987C-60103BAF1C7A}.Release|Any CPU.Deploy.0 = Release|x86
		{521C59F6-C0C4-4FA5-987C-60103BAF1C7A}.Release|ARM.ActiveCfg = Release|ARM
		{521C59F6-C0C4-4FA5-987C-60103BAF1C7A}.Release|ARM.Build.0 = Release|ARM
		{521C59F6-C0C4-4FA5-987C-60103BAF1C7A}.Release|ARM.Deploy.0 = Release|ARM
		{521C59F6-C0C4-4FA5-987C-60103BAF1C7A}.Release|iPhone.ActiveCfg = Release|x86
		{521C59F6-C0C4-4FA5-987C-60103BAF1C7A}.Release|iPhone.Build.0 = Release|x86
		{521C59F6-C0C4-4FA5-987C-60103BAF1C7A}.Release|iPhone.Deploy.0 = Release|x86
		{521C59F6-C0C4-4FA5-987C-60103BAF1C7A}.Release|iPhoneSimulator.ActiveCfg = Release|x86
		{521C59F6-C0C4-4FA5-987C-60103BAF1C7A}.Release|iPhoneSimulator.Build.0 = Release|x86
		{521C59F6-C0C4-4FA5-987C-60103BAF1C7A}.Release|iPhoneSimulator.Deploy.0 = Release|x86
		{521C59F6-C0C4-4FA5-987C-60103BAF1C7A}.Release|x64.ActiveCfg = Release|x64
		{521C59F6-C0C4-4FA5-987C-60103BAF1C7A}.Release|x64.Build.0 = Release|x64
		{521C59F6-C0C4-4FA5-987C-60103BAF1C7A}.Release|x64.Deploy.0 = Release|x64
		{521C59F6-C0C4-4FA5-987C-60103BAF1C7A}.Release|x86.ActiveCfg = Release|x86
		{521C59F6-C0C4-4FA5-987C-60103BAF1C7A}.Release|x86.Build.0 = Release|x86
		{521C59F6-C0C4-4FA5-987C-60103BAF1C7A}.Release|x86.Deploy.0 = Release|x86
		{A7BA7EC6-F683-40CF-9958-4EFF3D938F11}.Debug|Any CPU.ActiveCfg = Debug|Any CPU
		{A7BA7EC6-F683-40CF-9958-4EFF3D938F11}.Debug|Any CPU.Build.0 = Debug|Any CPU
		{A7BA7EC6-F683-40CF-9958-4EFF3D938F11}.Debug|Any CPU.Deploy.0 = Debug|Any CPU
		{A7BA7EC6-F683-40CF-9958-4EFF3D938F11}.Debug|ARM.ActiveCfg = Debug|Any CPU
		{A7BA7EC6-F683-40CF-9958-4EFF3D938F11}.Debug|ARM.Build.0 = Debug|Any CPU
		{A7BA7EC6-F683-40CF-9958-4EFF3D938F11}.Debug|ARM.Deploy.0 = Debug|Any CPU
		{A7BA7EC6-F683-40CF-9958-4EFF3D938F11}.Debug|iPhone.ActiveCfg = Debug|Any CPU
		{A7BA7EC6-F683-40CF-9958-4EFF3D938F11}.Debug|iPhone.Build.0 = Debug|Any CPU
		{A7BA7EC6-F683-40CF-9958-4EFF3D938F11}.Debug|iPhone.Deploy.0 = Debug|Any CPU
		{A7BA7EC6-F683-40CF-9958-4EFF3D938F11}.Debug|iPhoneSimulator.ActiveCfg = Debug|Any CPU
		{A7BA7EC6-F683-40CF-9958-4EFF3D938F11}.Debug|iPhoneSimulator.Build.0 = Debug|Any CPU
		{A7BA7EC6-F683-40CF-9958-4EFF3D938F11}.Debug|iPhoneSimulator.Deploy.0 = Debug|Any CPU
		{A7BA7EC6-F683-40CF-9958-4EFF3D938F11}.Debug|x64.ActiveCfg = Debug|Any CPU
		{A7BA7EC6-F683-40CF-9958-4EFF3D938F11}.Debug|x64.Build.0 = Debug|Any CPU
		{A7BA7EC6-F683-40CF-9958-4EFF3D938F11}.Debug|x64.Deploy.0 = Debug|Any CPU
		{A7BA7EC6-F683-40CF-9958-4EFF3D938F11}.Debug|x86.ActiveCfg = Debug|Any CPU
		{A7BA7EC6-F683-40CF-9958-4EFF3D938F11}.Debug|x86.Build.0 = Debug|Any CPU
		{A7BA7EC6-F683-40CF-9958-4EFF3D938F11}.Debug|x86.Deploy.0 = Debug|Any CPU
		{A7BA7EC6-F683-40CF-9958-4EFF3D938F11}.Release|Any CPU.ActiveCfg = Release|Any CPU
		{A7BA7EC6-F683-40CF-9958-4EFF3D938F11}.Release|Any CPU.Build.0 = Release|Any CPU
		{A7BA7EC6-F683-40CF-9958-4EFF3D938F11}.Release|Any CPU.Deploy.0 = Release|Any CPU
		{A7BA7EC6-F683-40CF-9958-4EFF3D938F11}.Release|ARM.ActiveCfg = Release|Any CPU
		{A7BA7EC6-F683-40CF-9958-4EFF3D938F11}.Release|ARM.Build.0 = Release|Any CPU
		{A7BA7EC6-F683-40CF-9958-4EFF3D938F11}.Release|ARM.Deploy.0 = Release|Any CPU
		{A7BA7EC6-F683-40CF-9958-4EFF3D938F11}.Release|iPhone.ActiveCfg = Release|Any CPU
		{A7BA7EC6-F683-40CF-9958-4EFF3D938F11}.Release|iPhone.Build.0 = Release|Any CPU
		{A7BA7EC6-F683-40CF-9958-4EFF3D938F11}.Release|iPhone.Deploy.0 = Release|Any CPU
		{A7BA7EC6-F683-40CF-9958-4EFF3D938F11}.Release|iPhoneSimulator.ActiveCfg = Release|Any CPU
		{A7BA7EC6-F683-40CF-9958-4EFF3D938F11}.Release|iPhoneSimulator.Build.0 = Release|Any CPU
		{A7BA7EC6-F683-40CF-9958-4EFF3D938F11}.Release|iPhoneSimulator.Deploy.0 = Release|Any CPU
		{A7BA7EC6-F683-40CF-9958-4EFF3D938F11}.Release|x64.ActiveCfg = Release|Any CPU
		{A7BA7EC6-F683-40CF-9958-4EFF3D938F11}.Release|x64.Build.0 = Release|Any CPU
		{A7BA7EC6-F683-40CF-9958-4EFF3D938F11}.Release|x64.Deploy.0 = Release|Any CPU
		{A7BA7EC6-F683-40CF-9958-4EFF3D938F11}.Release|x86.ActiveCfg = Release|Any CPU
		{A7BA7EC6-F683-40CF-9958-4EFF3D938F11}.Release|x86.Build.0 = Release|Any CPU
		{A7BA7EC6-F683-40CF-9958-4EFF3D938F11}.Release|x86.Deploy.0 = Release|Any CPU
		{906A4698-37B7-4F3F-BB7C-59AE55B58DA1}.Debug|Any CPU.ActiveCfg = Debug|iPhoneSimulator
		{906A4698-37B7-4F3F-BB7C-59AE55B58DA1}.Debug|Any CPU.Build.0 = Debug|iPhoneSimulator
		{906A4698-37B7-4F3F-BB7C-59AE55B58DA1}.Debug|Any CPU.Deploy.0 = Debug|iPhoneSimulator
		{906A4698-37B7-4F3F-BB7C-59AE55B58DA1}.Debug|ARM.ActiveCfg = Debug|iPhone
		{906A4698-37B7-4F3F-BB7C-59AE55B58DA1}.Debug|ARM.Build.0 = Debug|iPhone
		{906A4698-37B7-4F3F-BB7C-59AE55B58DA1}.Debug|ARM.Deploy.0 = Debug|iPhone
		{906A4698-37B7-4F3F-BB7C-59AE55B58DA1}.Debug|iPhone.ActiveCfg = Debug|iPhone
		{906A4698-37B7-4F3F-BB7C-59AE55B58DA1}.Debug|iPhone.Build.0 = Debug|iPhone
		{906A4698-37B7-4F3F-BB7C-59AE55B58DA1}.Debug|iPhone.Deploy.0 = Debug|iPhone
		{906A4698-37B7-4F3F-BB7C-59AE55B58DA1}.Debug|iPhoneSimulator.ActiveCfg = Debug|iPhoneSimulator
		{906A4698-37B7-4F3F-BB7C-59AE55B58DA1}.Debug|iPhoneSimulator.Build.0 = Debug|iPhoneSimulator
		{906A4698-37B7-4F3F-BB7C-59AE55B58DA1}.Debug|iPhoneSimulator.Deploy.0 = Debug|iPhoneSimulator
		{906A4698-37B7-4F3F-BB7C-59AE55B58DA1}.Debug|x64.ActiveCfg = Debug|iPhoneSimulator
		{906A4698-37B7-4F3F-BB7C-59AE55B58DA1}.Debug|x64.Build.0 = Debug|iPhoneSimulator
		{906A4698-37B7-4F3F-BB7C-59AE55B58DA1}.Debug|x64.Deploy.0 = Debug|iPhoneSimulator
		{906A4698-37B7-4F3F-BB7C-59AE55B58DA1}.Debug|x86.ActiveCfg = Debug|iPhoneSimulator
		{906A4698-37B7-4F3F-BB7C-59AE55B58DA1}.Debug|x86.Build.0 = Debug|iPhoneSimulator
		{906A4698-37B7-4F3F-BB7C-59AE55B58DA1}.Debug|x86.Deploy.0 = Debug|iPhoneSimulator
		{906A4698-37B7-4F3F-BB7C-59AE55B58DA1}.Release|Any CPU.ActiveCfg = Release|iPhoneSimulator
		{906A4698-37B7-4F3F-BB7C-59AE55B58DA1}.Release|Any CPU.Build.0 = Release|iPhoneSimulator
		{906A4698-37B7-4F3F-BB7C-59AE55B58DA1}.Release|Any CPU.Deploy.0 = Release|iPhoneSimulator
		{906A4698-37B7-4F3F-BB7C-59AE55B58DA1}.Release|ARM.ActiveCfg = Release|iPhoneSimulator
		{906A4698-37B7-4F3F-BB7C-59AE55B58DA1}.Release|ARM.Build.0 = Release|iPhoneSimulator
		{906A4698-37B7-4F3F-BB7C-59AE55B58DA1}.Release|ARM.Deploy.0 = Release|iPhoneSimulator
		{906A4698-37B7-4F3F-BB7C-59AE55B58DA1}.Release|iPhone.ActiveCfg = Release|iPhone
		{906A4698-37B7-4F3F-BB7C-59AE55B58DA1}.Release|iPhone.Build.0 = Release|iPhone
		{906A4698-37B7-4F3F-BB7C-59AE55B58DA1}.Release|iPhone.Deploy.0 = Release|iPhone
		{906A4698-37B7-4F3F-BB7C-59AE55B58DA1}.Release|iPhoneSimulator.ActiveCfg = Release|iPhoneSimulator
		{906A4698-37B7-4F3F-BB7C-59AE55B58DA1}.Release|iPhoneSimulator.Build.0 = Release|iPhoneSimulator
		{906A4698-37B7-4F3F-BB7C-59AE55B58DA1}.Release|iPhoneSimulator.Deploy.0 = Release|iPhoneSimulator
		{906A4698-37B7-4F3F-BB7C-59AE55B58DA1}.Release|x64.ActiveCfg = Release|iPhoneSimulator
		{906A4698-37B7-4F3F-BB7C-59AE55B58DA1}.Release|x64.Build.0 = Release|iPhoneSimulator
		{906A4698-37B7-4F3F-BB7C-59AE55B58DA1}.Release|x64.Deploy.0 = Release|iPhoneSimulator
		{906A4698-37B7-4F3F-BB7C-59AE55B58DA1}.Release|x86.ActiveCfg = Release|iPhoneSimulator
		{906A4698-37B7-4F3F-BB7C-59AE55B58DA1}.Release|x86.Build.0 = Release|iPhoneSimulator
		{906A4698-37B7-4F3F-BB7C-59AE55B58DA1}.Release|x86.Deploy.0 = Release|iPhoneSimulator
		{456828F8-0FD7-482C-8F59-AE1DE2CD1226}.Debug|Any CPU.ActiveCfg = Debug|Any CPU
		{456828F8-0FD7-482C-8F59-AE1DE2CD1226}.Debug|Any CPU.Build.0 = Debug|Any CPU
		{456828F8-0FD7-482C-8F59-AE1DE2CD1226}.Debug|Any CPU.Deploy.0 = Debug|Any CPU
		{456828F8-0FD7-482C-8F59-AE1DE2CD1226}.Debug|ARM.ActiveCfg = Debug|Any CPU
		{456828F8-0FD7-482C-8F59-AE1DE2CD1226}.Debug|ARM.Build.0 = Debug|Any CPU
		{456828F8-0FD7-482C-8F59-AE1DE2CD1226}.Debug|ARM.Deploy.0 = Debug|Any CPU
		{456828F8-0FD7-482C-8F59-AE1DE2CD1226}.Debug|iPhone.ActiveCfg = Debug|Any CPU
		{456828F8-0FD7-482C-8F59-AE1DE2CD1226}.Debug|iPhone.Build.0 = Debug|Any CPU
		{456828F8-0FD7-482C-8F59-AE1DE2CD1226}.Debug|iPhone.Deploy.0 = Debug|Any CPU
		{456828F8-0FD7-482C-8F59-AE1DE2CD1226}.Debug|iPhoneSimulator.ActiveCfg = Debug|Any CPU
		{456828F8-0FD7-482C-8F59-AE1DE2CD1226}.Debug|iPhoneSimulator.Build.0 = Debug|Any CPU
		{456828F8-0FD7-482C-8F59-AE1DE2CD1226}.Debug|iPhoneSimulator.Deploy.0 = Debug|Any CPU
		{456828F8-0FD7-482C-8F59-AE1DE2CD1226}.Debug|x64.ActiveCfg = Debug|Any CPU
		{456828F8-0FD7-482C-8F59-AE1DE2CD1226}.Debug|x64.Build.0 = Debug|Any CPU
		{456828F8-0FD7-482C-8F59-AE1DE2CD1226}.Debug|x64.Deploy.0 = Debug|Any CPU
		{456828F8-0FD7-482C-8F59-AE1DE2CD1226}.Debug|x86.ActiveCfg = Debug|Any CPU
		{456828F8-0FD7-482C-8F59-AE1DE2CD1226}.Debug|x86.Build.0 = Debug|Any CPU
		{456828F8-0FD7-482C-8F59-AE1DE2CD1226}.Debug|x86.Deploy.0 = Debug|Any CPU
		{456828F8-0FD7-482C-8F59-AE1DE2CD1226}.Release|Any CPU.ActiveCfg = Release|Any CPU
		{456828F8-0FD7-482C-8F59-AE1DE2CD1226}.Release|Any CPU.Build.0 = Release|Any CPU
		{456828F8-0FD7-482C-8F59-AE1DE2CD1226}.Release|Any CPU.Deploy.0 = Release|Any CPU
		{456828F8-0FD7-482C-8F59-AE1DE2CD1226}.Release|ARM.ActiveCfg = Release|Any CPU
		{456828F8-0FD7-482C-8F59-AE1DE2CD1226}.Release|ARM.Build.0 = Release|Any CPU
		{456828F8-0FD7-482C-8F59-AE1DE2CD1226}.Release|ARM.Deploy.0 = Release|Any CPU
		{456828F8-0FD7-482C-8F59-AE1DE2CD1226}.Release|iPhone.ActiveCfg = Release|Any CPU
		{456828F8-0FD7-482C-8F59-AE1DE2CD1226}.Release|iPhone.Build.0 = Release|Any CPU
		{456828F8-0FD7-482C-8F59-AE1DE2CD1226}.Release|iPhone.Deploy.0 = Release|Any CPU
		{456828F8-0FD7-482C-8F59-AE1DE2CD1226}.Release|iPhoneSimulator.ActiveCfg = Release|Any CPU
		{456828F8-0FD7-482C-8F59-AE1DE2CD1226}.Release|iPhoneSimulator.Build.0 = Release|Any CPU
		{456828F8-0FD7-482C-8F59-AE1DE2CD1226}.Release|iPhoneSimulator.Deploy.0 = Release|Any CPU
		{456828F8-0FD7-482C-8F59-AE1DE2CD1226}.Release|x64.ActiveCfg = Release|Any CPU
		{456828F8-0FD7-482C-8F59-AE1DE2CD1226}.Release|x64.Build.0 = Release|Any CPU
		{456828F8-0FD7-482C-8F59-AE1DE2CD1226}.Release|x64.Deploy.0 = Release|Any CPU
		{456828F8-0FD7-482C-8F59-AE1DE2CD1226}.Release|x86.ActiveCfg = Release|Any CPU
		{456828F8-0FD7-482C-8F59-AE1DE2CD1226}.Release|x86.Build.0 = Release|Any CPU
		{456828F8-0FD7-482C-8F59-AE1DE2CD1226}.Release|x86.Deploy.0 = Release|Any CPU
	EndGlobalSection
	GlobalSection(SolutionProperties) = preSolution
		HideSolutionNode = FALSE
	EndGlobalSection
	GlobalSection(ExtensibilityGlobals) = postSolution
		SolutionGuid = {1BB83399-E104-4E6F-880A-73B07A222E53}
	EndGlobalSection
EndGlobal
